
Microsoft Visual Studio Solution File, Format Version 12.00
# Visual Studio Version 17
VisualStudioVersion = 17.6.33829.357
MinimumVisualStudioVersion = 10.0.40219.1
Project("{FAE04EC0-301F-11D3-BF4B-00C04F79EFBC}") = "CheckPecas", "CheckPecas\CheckPecas.csproj", "{DF4BB3F6-E4E0-41DC-B1F5-169D5B66D459}"
EndProject
Global
	GlobalSection(SolutionConfigurationPlatforms) = preSolution
		Debug|Any CPU = Debug|Any CPU
		Release|Any CPU = Release|Any CPU
	EndGlobalSection
	GlobalSection(ProjectConfigurationPlatforms) = postSolution
		{DF4BB3F6-E4E0-41DC-B1F5-169D5B66D459}.Debug|Any CPU.ActiveCfg = Debug|Any CPU
		{DF4BB3F6-E4E0-41DC-B1F5-169D5B66D459}.Debug|Any CPU.Build.0 = Debug|Any CPU
		{DF4BB3F6-E4E0-41DC-B1F5-169D5B66D459}.Release|Any CPU.ActiveCfg = Release|Any CPU
		{DF4BB3F6-E4E0-41DC-B1F5-169D5B66D459}.Release|Any CPU.Build.0 = Release|Any CPU
	EndGlobalSection
	GlobalSection(SolutionProperties) = preSolution
		HideSolutionNode = FALSE
	EndGlobalSection
	GlobalSection(ExtensibilityGlobals) = postSolution
		SolutionGuid = {285E06CB-52C9-4962-ACA1-1C49AA222470}
	EndGlobalSection
EndGlobal
